<?xml version="1.0" encoding="utf-8"?>
<Project ToolsVersion="4.0" xmlns="http://schemas.microsoft.com/developer/msbuild/2003">
  <ItemGroup>
    <Filter Include="Source Files">
      <UniqueIdentifier>{4FC737F1-C7A5-4376-A066-2A32D752A2FF}</UniqueIdentifier>
      <Extensions>cpp;c;cc;cxx;def;odl;idl;hpj;bat;asm;asmx</Extensions>
    </Filter>
    <Filter Include="Header Files">
      <UniqueIdentifier>{93995380-89BD-4b04-88EB-625FBE52EBFB}</UniqueIdentifier>
      <Extensions>h;hh;hpp;hxx;hm;inl;inc;ipp;xsd</Extensions>
    </Filter>
  </ItemGroup>
  <ItemGroup>
    <ClInclude Include="Citizen.h">
      <Filter>Header Files</Filter>
    </ClInclude>
    <ClInclude Include="Party.h">
      <Filter>Header Files</Filter>
    </ClInclude>
    <ClInclude Include="District.h">
      <Filter>Header Files</Filter>
    </ClInclude>
    <ClInclude Include="VotersForParty.h">
      <Filter>Header Files</Filter>
    </ClInclude>
    <ClInclude Include="DistrictReps.h">
      <Filter>Header Files</Filter>
    </ClInclude>
    <ClInclude Include="myString.h">
      <Filter>Header Files</Filter>
    </ClInclude>
    <ClInclude Include="CitizenList.h">
      <Filter>Header Files</Filter>
    </ClInclude>
    <ClInclude Include="DistrictList.h">
      <Filter>Header Files</Filter>
    </ClInclude>
    <ClInclude Include="PartyList.h">
      <Filter>Header Files</Filter>
    </ClInclude>
    <ClInclude Include="DistrictRepsList.h">
      <Filter>Header Files</Filter>
    </ClInclude>
    <ClInclude Include="VotersForPartyList.h">
      <Filter>Header Files</Filter>
    </ClInclude>
    <ClInclude Include="UnifiedDistrict.h">
      <Filter>Header Files</Filter>
    </ClInclude>
    <ClInclude Include="ElectorsForPartyArr.h">
      <Filter>Header Files</Filter>
    </ClInclude>
    <ClInclude Include="DividedDistrict.h">
      <Filter>Header Files</Filter>
    </ClInclude>
    <ClInclude Include="Round.h">
      <Filter>Header Files</Filter>
    </ClInclude>
    <ClInclude Include="SimpleRound.h">
      <Filter>Header Files</Filter>
    </ClInclude>
    <ClInclude Include="RegularRound.h">
      <Filter>Header Files</Filter>
    </ClInclude>
    <ClInclude Include="DistrictLoader.h">
      <Filter>Header Files</Filter>
    </ClInclude>
    <ClInclude Include="RoundLoader.h">
      <Filter>Header Files</Filter>
    </ClInclude>
  </ItemGroup>
  <ItemGroup>
    <ClCompile Include="Citizen.cpp">
      <Filter>Source Files</Filter>
    </ClCompile>
    <ClCompile Include="Party.cpp">
      <Filter>Source Files</Filter>
    </ClCompile>
    <ClCompile Include="District.cpp">
      <Filter>Source Files</Filter>
    </ClCompile>
    <ClCompile Include="VotersForParty.cpp">
      <Filter>Source Files</Filter>
    </ClCompile>
    <ClCompile Include="DistrictReps.cpp">
      <Filter>Source Files</Filter>
    </ClCompile>
    <ClCompile Include="myString.cpp">
      <Filter>Source Files</Filter>
    </ClCompile>
    <ClCompile Include="main.cpp">
      <Filter>Source Files</Filter>
    </ClCompile>
    <ClCompile Include="CitizenList.cpp">
      <Filter>Source Files</Filter>
    </ClCompile>
    <ClCompile Include="DistrictList.cpp">
      <Filter>Source Files</Filter>
    </ClCompile>
    <ClCompile Include="PartyList.cpp">
      <Filter>Source Files</Filter>
    </ClCompile>
    <ClCompile Include="DistrictRepsList.cpp">
      <Filter>Source Files</Filter>
    </ClCompile>
    <ClCompile Include="VotersForPartyList.cpp">
      <Filter>Source Files</Filter>
    </ClCompile>
    <ClCompile Include="UnifiedDistrict.cpp">
      <Filter>Source Files</Filter>
    </ClCompile>
    <ClCompile Include="ElectorsForPartyArr.cpp">
      <Filter>Source Files</Filter>
    </ClCompile>
    <ClCompile Include="DividedDistrict.cpp">
      <Filter>Source Files</Filter>
    </ClCompile>
    <ClCompile Include="Round.cpp">
      <Filter>Source Files</Filter>
    </ClCompile>
    <ClCompile Include="SimpleRound.cpp">
      <Filter>Source Files</Filter>
    </ClCompile>
    <ClCompile Include="RegularRound.cpp">
      <Filter>Source Files</Filter>
    </ClCompile>
    <ClCompile Include="DistrictLoader.cpp">
      <Filter>Source Files</Filter>
    </ClCompile>
    <ClCompile Include="RoundLoader.cpp">
      <Filter>Source Files</Filter>
    </ClCompile>
  </ItemGroup>
</Project>