<?xml version="1.0" encoding="utf-8"?>
<Project ToolsVersion="4.0" xmlns="http://schemas.microsoft.com/developer/msbuild/2003">
  <ItemGroup>
    <Filter Include="Source Files">
      <UniqueIdentifier>{4FC737F1-C7A5-4376-A066-2A32D752A2FF}</UniqueIdentifier>
      <Extensions>cpp;c;cc;cxx;def;odl;idl;hpj;bat;asm;asmx</Extensions>
    </Filter>
    <Filter Include="Header Files">
      <UniqueIdentifier>{93995380-89BD-4b04-88EB-625FBE52EBFB}</UniqueIdentifier>
      <Extensions>h;hh;hpp;hxx;hm;inl;inc;ipp;xsd</Extensions>
    </Filter>
    <Filter Include="Exeptions">
      <UniqueIdentifier>{374cd9ed-ab8d-4afd-9f2f-ff3195346d4d}</UniqueIdentifier>
    </Filter>
    <Filter Include="Source Files\Lists">
      <UniqueIdentifier>{7f2a2d89-4374-4d26-ad9c-1b494c84547f}</UniqueIdentifier>
    </Filter>
    <Filter Include="Source Files\Loaders">
      <UniqueIdentifier>{9dd6c300-c29a-4435-a367-6190a3c91189}</UniqueIdentifier>
    </Filter>
    <Filter Include="Source Files\District">
      <UniqueIdentifier>{cd658ea2-d008-46e2-9da4-2e79c6d385db}</UniqueIdentifier>
    </Filter>
    <Filter Include="Source Files\State">
      <UniqueIdentifier>{72aeef2e-92b9-4718-a716-2532c6a45e92}</UniqueIdentifier>
    </Filter>
    <Filter Include="Source Files\Connection Lists">
      <UniqueIdentifier>{45ddd9e6-2cd9-486e-853e-953e8f77845b}</UniqueIdentifier>
    </Filter>
    <Filter Include="Source Files\Utilities">
      <UniqueIdentifier>{422521f0-7cb5-41fd-a156-540366e50cfe}</UniqueIdentifier>
    </Filter>
    <Filter Include="Header Files\Lists">
      <UniqueIdentifier>{d04908ef-1997-478f-886c-cf9ad39d41fe}</UniqueIdentifier>
    </Filter>
    <Filter Include="Header Files\Loaders">
      <UniqueIdentifier>{69f9e7b9-3e3d-4bee-a39b-27ef3761d000}</UniqueIdentifier>
    </Filter>
    <Filter Include="Header Files\District">
      <UniqueIdentifier>{5b00c723-e673-4d54-8db3-aea4943d93c8}</UniqueIdentifier>
    </Filter>
    <Filter Include="Header Files\Connection Lists">
      <UniqueIdentifier>{c9e33c0c-bd54-4873-ae0f-b00da4e10d76}</UniqueIdentifier>
    </Filter>
    <Filter Include="Header Files\State">
      <UniqueIdentifier>{cefb714d-dab2-469a-a491-ffd15acbae87}</UniqueIdentifier>
    </Filter>
    <Filter Include="Header Files\Utilities">
      <UniqueIdentifier>{6ddba264-10b2-4d80-afc3-f030cce837c9}</UniqueIdentifier>
    </Filter>
    <Filter Include="Header Files\Exeptions">
      <UniqueIdentifier>{6db69992-15cc-4e5a-907b-87a48fba0ee1}</UniqueIdentifier>
    </Filter>
    <Filter Include="Source Files\Exeptions">
      <UniqueIdentifier>{67c129f1-ff1f-4d97-b6ff-d0392f278526}</UniqueIdentifier>
    </Filter>
  </ItemGroup>
  <ItemGroup>
    <ClInclude Include="Citizen.h">
      <Filter>Header Files</Filter>
    </ClInclude>
    <ClInclude Include="Party.h">
      <Filter>Header Files</Filter>
    </ClInclude>
    <ClInclude Include="CitizenList.h">
      <Filter>Header Files\Lists</Filter>
    </ClInclude>
    <ClInclude Include="District.h">
      <Filter>Header Files\District</Filter>
    </ClInclude>
    <ClInclude Include="DistrictBasedState.h">
      <Filter>Header Files\State</Filter>
    </ClInclude>
    <ClInclude Include="DistrictList.h">
      <Filter>Header Files\Lists</Filter>
    </ClInclude>
    <ClInclude Include="DistrictLoader.h">
      <Filter>Header Files\Loaders</Filter>
    </ClInclude>
    <ClInclude Include="DistrictReps.h">
      <Filter>Header Files\Connection Lists</Filter>
    </ClInclude>
    <ClInclude Include="DistrictRepsList.h">
      <Filter>Header Files\Lists</Filter>
    </ClInclude>
    <ClInclude Include="DividedDistrict.h">
      <Filter>Header Files\District</Filter>
    </ClInclude>
    <ClInclude Include="DynamicArray.h">
      <Filter>Header Files\Utilities</Filter>
    </ClInclude>
    <ClInclude Include="ElectorsForPartyArr.h">
      <Filter>Header Files\Connection Lists</Filter>
    </ClInclude>
    <ClInclude Include="PartyList.h">
      <Filter>Header Files\Lists</Filter>
    </ClInclude>
    <ClInclude Include="State.h">
      <Filter>Header Files\State</Filter>
    </ClInclude>
    <ClInclude Include="StateLoader.h">
      <Filter>Header Files\Loaders</Filter>
    </ClInclude>
    <ClInclude Include="UnifiedDistrict.h">
      <Filter>Header Files\District</Filter>
    </ClInclude>
    <ClInclude Include="UniformState.h">
      <Filter>Header Files\State</Filter>
    </ClInclude>
    <ClInclude Include="VotersForParty.h">
      <Filter>Header Files\Connection Lists</Filter>
    </ClInclude>
    <ClInclude Include="VotersForPartyList.h">
      <Filter>Header Files\Lists</Filter>
    </ClInclude>
    <ClInclude Include="id_validation_exeption.h">
      <Filter>Header Files\Exeptions</Filter>
    </ClInclude>
    <ClInclude Include="elections_result_exception.h">
      <Filter>Header Files\Exeptions</Filter>
    </ClInclude>
    <ClInclude Include="no_entity_error.h">
      <Filter>Header Files\Exeptions</Filter>
    </ClInclude>
    <ClInclude Include="connection_error.h">
      <Filter>Header Files\Exeptions</Filter>
    </ClInclude>
    <ClInclude Include="my_exceptions.h">
      <Filter>Header Files\Exeptions</Filter>
    </ClInclude>
    <ClInclude Include="has_voted_error.h">
      <Filter>Header Files\Exeptions</Filter>
    </ClInclude>
    <ClInclude Include="file_open_exception.h">
      <Filter>Header Files\Exeptions</Filter>
    </ClInclude>
    <ClInclude Include="outfile_error.h">
      <Filter>Header Files\Exeptions</Filter>
    </ClInclude>
    <ClInclude Include="infile_error.h">
      <Filter>Header Files\Exeptions</Filter>
    </ClInclude>
    <ClInclude Include="undefined_option.h">
      <Filter>Header Files\Exeptions</Filter>
    </ClInclude>
    <ClInclude Include="exit_exception.h">
      <Filter>Header Files\Exeptions</Filter>
    </ClInclude>
    <ClInclude Include="Errors\adding_error.h">
      <Filter>Header Files\Exeptions</Filter>
    </ClInclude>
  </ItemGroup>
  <ItemGroup>
    <ClCompile Include="Citizen.cpp">
      <Filter>Source Files</Filter>
    </ClCompile>
    <ClCompile Include="Party.cpp">
      <Filter>Source Files</Filter>
    </ClCompile>
    <ClCompile Include="main.cpp">
      <Filter>Source Files</Filter>
    </ClCompile>
    <ClCompile Include="CitizenList.cpp">
      <Filter>Source Files\Lists</Filter>
    </ClCompile>
    <ClCompile Include="DistrictList.cpp">
      <Filter>Source Files\Lists</Filter>
    </ClCompile>
    <ClCompile Include="DistrictRepsList.cpp">
      <Filter>Source Files\Lists</Filter>
    </ClCompile>
    <ClCompile Include="PartyList.cpp">
      <Filter>Source Files\Lists</Filter>
    </ClCompile>
    <ClCompile Include="VotersForPartyList.cpp">
      <Filter>Source Files\Lists</Filter>
    </ClCompile>
    <ClCompile Include="DistrictLoader.cpp">
      <Filter>Source Files\Loaders</Filter>
    </ClCompile>
    <ClCompile Include="StateLoader.cpp">
      <Filter>Source Files\Loaders</Filter>
    </ClCompile>
    <ClCompile Include="District.cpp">
      <Filter>Source Files\District</Filter>
    </ClCompile>
    <ClCompile Include="UnifiedDistrict.cpp">
      <Filter>Source Files\District</Filter>
    </ClCompile>
    <ClCompile Include="DividedDistrict.cpp">
      <Filter>Source Files\District</Filter>
    </ClCompile>
    <ClCompile Include="State.cpp">
      <Filter>Source Files\State</Filter>
    </ClCompile>
    <ClCompile Include="UniformState.cpp">
      <Filter>Source Files\State</Filter>
    </ClCompile>
    <ClCompile Include="DistrictBasedState.cpp">
      <Filter>Source Files\State</Filter>
    </ClCompile>
    <ClCompile Include="VotersForParty.cpp">
      <Filter>Source Files\Connection Lists</Filter>
    </ClCompile>
    <ClCompile Include="ElectorsForPartyArr.cpp">
      <Filter>Source Files\Connection Lists</Filter>
    </ClCompile>
    <ClCompile Include="DistrictReps.cpp">
      <Filter>Source Files\Connection Lists</Filter>
    </ClCompile>
    <ClCompile Include="DynamicArray.cpp">
      <Filter>Source Files\Utilities</Filter>
    </ClCompile>
  </ItemGroup>
</Project>